
Microsoft Visual Studio Solution File, Format Version 12.00
# Visual Studio 15
VisualStudioVersion = 15.0.28307.438
MinimumVisualStudioVersion = 10.0.40219.1
Project("{FAE04EC0-301F-11D3-BF4B-00C04F79EFBC}") = "WebAppMVCRecap", "WebAppMVCRecap\WebAppMVCRecap.csproj", "{F5CA57A8-BFCD-4DA6-98DF-36124502E84A}"
EndProject
Project("{FAE04EC0-301F-11D3-BF4B-00C04F79EFBC}") = "XUnitTestMVCRecap", "XUnitTestMVCRecap\XUnitTestMVCRecap.csproj", "{8B34DF03-DC2D-4414-BE8E-3B3DD47C7D4A}"
EndProject
Global
	GlobalSection(SolutionConfigurationPlatforms) = preSolution
		Debug|Any CPU = Debug|Any CPU
		Release|Any CPU = Release|Any CPU
	EndGlobalSection
	GlobalSection(ProjectConfigurationPlatforms) = postSolution
		{F5CA57A8-BFCD-4DA6-98DF-36124502E84A}.Debug|Any CPU.ActiveCfg = Debug|Any CPU
		{F5CA57A8-BFCD-4DA6-98DF-36124502E84A}.Debug|Any CPU.Build.0 = Debug|Any CPU
		{F5CA57A8-BFCD-4DA6-98DF-36124502E84A}.Release|Any CPU.ActiveCfg = Release|Any CPU
		{F5CA57A8-BFCD-4DA6-98DF-36124502E84A}.Release|Any CPU.Build.0 = Release|Any CPU
		{8B34DF03-DC2D-4414-BE8E-3B3DD47C7D4A}.Debug|Any CPU.ActiveCfg = Debug|Any CPU
		{8B34DF03-DC2D-4414-BE8E-3B3DD47C7D4A}.Debug|Any CPU.Build.0 = Debug|Any CPU
		{8B34DF03-DC2D-4414-BE8E-3B3DD47C7D4A}.Release|Any CPU.ActiveCfg = Release|Any CPU
		{8B34DF03-DC2D-4414-BE8E-3B3DD47C7D4A}.Release|Any CPU.Build.0 = Release|Any CPU
	EndGlobalSection
	GlobalSection(SolutionProperties) = preSolution
		HideSolutionNode = FALSE
	EndGlobalSection
	GlobalSection(ExtensibilityGlobals) = postSolution
		SolutionGuid = {D5A178A1-D5F5-4ACA-A791-233EF94C115C}
	EndGlobalSection
EndGlobal
